// !$*UTF8*$!
{
	archiveVersion = 1;
	classes = {
	};
	objectVersion = 50;
	objects = {

/* Begin PBXBuildFile section */
		4E1D6FBE24C3B8060095C6EB /* OptionsViewController.swift in Sources */ = {isa = PBXBuildFile; fileRef = 4E1D6FBD24C3B8060095C6EB /* OptionsViewController.swift */; };
		4E3E7D3524BF3287009B65F3 /* KalmanFilterPerformanceTests.swift in Sources */ = {isa = PBXBuildFile; fileRef = 4E3E7D3424BF3287009B65F3 /* KalmanFilterPerformanceTests.swift */; };
		4E45B15A24B2BF83006343F3 /* DeviceTrackingManagerTests.swift in Sources */ = {isa = PBXBuildFile; fileRef = 4E45B15924B2BF83006343F3 /* DeviceTrackingManagerTests.swift */; };
		4E45B15C24B2BFEE006343F3 /* SurveillanceManagerTests.swift in Sources */ = {isa = PBXBuildFile; fileRef = 4E45B15B24B2BFEE006343F3 /* SurveillanceManagerTests.swift */; };
		4E45B15E24B2C044006343F3 /* GMKF.swift in Sources */ = {isa = PBXBuildFile; fileRef = 4E45B15D24B2C044006343F3 /* GMKF.swift */; };
		4E45B16024B2C05A006343F3 /* GMKFTests.swift in Sources */ = {isa = PBXBuildFile; fileRef = 4E45B15F24B2C05A006343F3 /* GMKFTests.swift */; };
		4E4F638F24AC087C002A5C1A /* AppDelegate.swift in Sources */ = {isa = PBXBuildFile; fileRef = 4E4F638E24AC087C002A5C1A /* AppDelegate.swift */; };
		4E4F639124AC087C002A5C1A /* SceneDelegate.swift in Sources */ = {isa = PBXBuildFile; fileRef = 4E4F639024AC087C002A5C1A /* SceneDelegate.swift */; };
		4E4F639324AC087C002A5C1A /* SurveillanceViewController.swift in Sources */ = {isa = PBXBuildFile; fileRef = 4E4F639224AC087C002A5C1A /* SurveillanceViewController.swift */; };
		4E4F639624AC087C002A5C1A /* Main.storyboard in Resources */ = {isa = PBXBuildFile; fileRef = 4E4F639424AC087C002A5C1A /* Main.storyboard */; };
		4E4F639824AC087D002A5C1A /* Assets.xcassets in Resources */ = {isa = PBXBuildFile; fileRef = 4E4F639724AC087D002A5C1A /* Assets.xcassets */; };
		4E4F639B24AC087D002A5C1A /* LaunchScreen.storyboard in Resources */ = {isa = PBXBuildFile; fileRef = 4E4F639924AC087D002A5C1A /* LaunchScreen.storyboard */; };
		4ED489DC24AF70D800C81ACE /* Device.swift in Sources */ = {isa = PBXBuildFile; fileRef = 4ED489DB24AF70D800C81ACE /* Device.swift */; };
		4ED489DE24AF710600C81ACE /* SurveillanceManager.swift in Sources */ = {isa = PBXBuildFile; fileRef = 4ED489DD24AF710600C81ACE /* SurveillanceManager.swift */; };
		4ED489E024AF717000C81ACE /* DeviceTrackingManager.swift in Sources */ = {isa = PBXBuildFile; fileRef = 4ED489DF24AF717000C81ACE /* DeviceTrackingManager.swift */; };
		4ED489E824AF74D500C81ACE /* DeviceTests.swift in Sources */ = {isa = PBXBuildFile; fileRef = 4ED489E724AF74D500C81ACE /* DeviceTests.swift */; };
		4ED489F024AF869300C81ACE /* LogFileManager.swift in Sources */ = {isa = PBXBuildFile; fileRef = 4ED489EF24AF869300C81ACE /* LogFileManager.swift */; };
		4ED489F224AF90B300C81ACE /* LogFileManagerTests.swift in Sources */ = {isa = PBXBuildFile; fileRef = 4ED489F124AF90B300C81ACE /* LogFileManagerTests.swift */; };
		4EF1183224B0C50E002D8D0E /* LogFileViewController.swift in Sources */ = {isa = PBXBuildFile; fileRef = 4EF1183124B0C50E002D8D0E /* LogFileViewController.swift */; };
		4EF1183424B0EA90002D8D0E /* Constants.swift in Sources */ = {isa = PBXBuildFile; fileRef = 4EF1183324B0EA90002D8D0E /* Constants.swift */; };
		4EF9E9BA24BD3F960042613A /* IGMKF.swift in Sources */ = {isa = PBXBuildFile; fileRef = 4EF9E9B924BD3F960042613A /* IGMKF.swift */; };
		4EF9E9BC24BD3FDF0042613A /* IGMKFTests.swift in Sources */ = {isa = PBXBuildFile; fileRef = 4EF9E9BB24BD3FDF0042613A /* IGMKFTests.swift */; };
/* End PBXBuildFile section */

/* Begin PBXContainerItemProxy section */
		4ED489EA24AF74D500C81ACE /* PBXContainerItemProxy */ = {
			isa = PBXContainerItemProxy;
			containerPortal = 4E4F638324AC087C002A5C1A /* Project object */;
			proxyType = 1;
			remoteGlobalIDString = 4E4F638A24AC087C002A5C1A;
			remoteInfo = RSSISniffer;
		};
/* End PBXContainerItemProxy section */

/* Begin PBXFileReference section */
		4E1D6FBD24C3B8060095C6EB /* OptionsViewController.swift */ = {isa = PBXFileReference; lastKnownFileType = sourcecode.swift; path = OptionsViewController.swift; sourceTree = "<group>"; };
		4E3E7D3424BF3287009B65F3 /* KalmanFilterPerformanceTests.swift */ = {isa = PBXFileReference; lastKnownFileType = sourcecode.swift; path = KalmanFilterPerformanceTests.swift; sourceTree = "<group>"; };
		4E45B15924B2BF83006343F3 /* DeviceTrackingManagerTests.swift */ = {isa = PBXFileReference; lastKnownFileType = sourcecode.swift; path = DeviceTrackingManagerTests.swift; sourceTree = "<group>"; };
		4E45B15B24B2BFEE006343F3 /* SurveillanceManagerTests.swift */ = {isa = PBXFileReference; lastKnownFileType = sourcecode.swift; path = SurveillanceManagerTests.swift; sourceTree = "<group>"; };
		4E45B15D24B2C044006343F3 /* GMKF.swift */ = {isa = PBXFileReference; lastKnownFileType = sourcecode.swift; path = GMKF.swift; sourceTree = "<group>"; };
		4E45B15F24B2C05A006343F3 /* GMKFTests.swift */ = {isa = PBXFileReference; lastKnownFileType = sourcecode.swift; path = GMKFTests.swift; sourceTree = "<group>"; };
		4E4F638B24AC087C002A5C1A /* RSSISniffer.app */ = {isa = PBXFileReference; explicitFileType = wrapper.application; includeInIndex = 0; path = RSSISniffer.app; sourceTree = BUILT_PRODUCTS_DIR; };
		4E4F638E24AC087C002A5C1A /* AppDelegate.swift */ = {isa = PBXFileReference; lastKnownFileType = sourcecode.swift; path = AppDelegate.swift; sourceTree = "<group>"; };
		4E4F639024AC087C002A5C1A /* SceneDelegate.swift */ = {isa = PBXFileReference; lastKnownFileType = sourcecode.swift; path = SceneDelegate.swift; sourceTree = "<group>"; };
		4E4F639224AC087C002A5C1A /* SurveillanceViewController.swift */ = {isa = PBXFileReference; lastKnownFileType = sourcecode.swift; path = SurveillanceViewController.swift; sourceTree = "<group>"; };
		4E4F639524AC087C002A5C1A /* Base */ = {isa = PBXFileReference; lastKnownFileType = file.storyboard; name = Base; path = Base.lproj/Main.storyboard; sourceTree = "<group>"; };
		4E4F639724AC087D002A5C1A /* Assets.xcassets */ = {isa = PBXFileReference; lastKnownFileType = folder.assetcatalog; path = Assets.xcassets; sourceTree = "<group>"; };
		4E4F639A24AC087D002A5C1A /* Base */ = {isa = PBXFileReference; lastKnownFileType = file.storyboard; name = Base; path = Base.lproj/LaunchScreen.storyboard; sourceTree = "<group>"; };
		4E4F639C24AC087D002A5C1A /* Info.plist */ = {isa = PBXFileReference; lastKnownFileType = text.plist.xml; path = Info.plist; sourceTree = "<group>"; };
		4E4F63A224AC274E002A5C1A /* README.md */ = {isa = PBXFileReference; lastKnownFileType = net.daringfireball.markdown; path = README.md; sourceTree = "<group>"; };
		4E7CEC6224B28F8C00704B65 /* NOTES.md */ = {isa = PBXFileReference; lastKnownFileType = net.daringfireball.markdown; path = NOTES.md; sourceTree = "<group>"; };
		4ED489DB24AF70D800C81ACE /* Device.swift */ = {isa = PBXFileReference; lastKnownFileType = sourcecode.swift; path = Device.swift; sourceTree = "<group>"; };
		4ED489DD24AF710600C81ACE /* SurveillanceManager.swift */ = {isa = PBXFileReference; lastKnownFileType = sourcecode.swift; path = SurveillanceManager.swift; sourceTree = "<group>"; };
		4ED489DF24AF717000C81ACE /* DeviceTrackingManager.swift */ = {isa = PBXFileReference; lastKnownFileType = sourcecode.swift; path = DeviceTrackingManager.swift; sourceTree = "<group>"; };
		4ED489E524AF74D500C81ACE /* RSSISnifferTests.xctest */ = {isa = PBXFileReference; explicitFileType = wrapper.cfbundle; includeInIndex = 0; path = RSSISnifferTests.xctest; sourceTree = BUILT_PRODUCTS_DIR; };
		4ED489E724AF74D500C81ACE /* DeviceTests.swift */ = {isa = PBXFileReference; lastKnownFileType = sourcecode.swift; path = DeviceTests.swift; sourceTree = "<group>"; };
		4ED489E924AF74D500C81ACE /* Info.plist */ = {isa = PBXFileReference; lastKnownFileType = text.plist.xml; path = Info.plist; sourceTree = "<group>"; };
		4ED489EF24AF869300C81ACE /* LogFileManager.swift */ = {isa = PBXFileReference; lastKnownFileType = sourcecode.swift; path = LogFileManager.swift; sourceTree = "<group>"; };
		4ED489F124AF90B300C81ACE /* LogFileManagerTests.swift */ = {isa = PBXFileReference; lastKnownFileType = sourcecode.swift; path = LogFileManagerTests.swift; sourceTree = "<group>"; };
		4EF1183124B0C50E002D8D0E /* LogFileViewController.swift */ = {isa = PBXFileReference; lastKnownFileType = sourcecode.swift; path = LogFileViewController.swift; sourceTree = "<group>"; };
		4EF1183324B0EA90002D8D0E /* Constants.swift */ = {isa = PBXFileReference; lastKnownFileType = sourcecode.swift; path = Constants.swift; sourceTree = "<group>"; };
		4EF9E9B924BD3F960042613A /* IGMKF.swift */ = {isa = PBXFileReference; lastKnownFileType = sourcecode.swift; path = IGMKF.swift; sourceTree = "<group>"; };
		4EF9E9BB24BD3FDF0042613A /* IGMKFTests.swift */ = {isa = PBXFileReference; lastKnownFileType = sourcecode.swift; path = IGMKFTests.swift; sourceTree = "<group>"; };
/* End PBXFileReference section */

/* Begin PBXFrameworksBuildPhase section */
		4E4F638824AC087C002A5C1A /* Frameworks */ = {
			isa = PBXFrameworksBuildPhase;
			buildActionMask = 2147483647;
			files = (
			);
			runOnlyForDeploymentPostprocessing = 0;
		};
		4ED489E224AF74D500C81ACE /* Frameworks */ = {
			isa = PBXFrameworksBuildPhase;
			buildActionMask = 2147483647;
			files = (
			);
			runOnlyForDeploymentPostprocessing = 0;
		};
/* End PBXFrameworksBuildPhase section */

/* Begin PBXGroup section */
		4E4F638224AC087C002A5C1A = {
			isa = PBXGroup;
			children = (
				4E4F63A224AC274E002A5C1A /* README.md */,
				4E7CEC6224B28F8C00704B65 /* NOTES.md */,
				4E4F638D24AC087C002A5C1A /* RSSISniffer */,
				4ED489E624AF74D500C81ACE /* RSSISnifferTests */,
				4E4F638C24AC087C002A5C1A /* Products */,
			);
			sourceTree = "<group>";
		};
		4E4F638C24AC087C002A5C1A /* Products */ = {
			isa = PBXGroup;
			children = (
				4E4F638B24AC087C002A5C1A /* RSSISniffer.app */,
				4ED489E524AF74D500C81ACE /* RSSISnifferTests.xctest */,
			);
			name = Products;
			sourceTree = "<group>";
		};
		4E4F638D24AC087C002A5C1A /* RSSISniffer */ = {
			isa = PBXGroup;
			children = (
				4EB00FCE24C3B0D100B8F8E4 /* Images */,
				4E4F638E24AC087C002A5C1A /* AppDelegate.swift */,
				4E4F639024AC087C002A5C1A /* SceneDelegate.swift */,
				4EF1183324B0EA90002D8D0E /* Constants.swift */,
				4E4F639224AC087C002A5C1A /* SurveillanceViewController.swift */,
				4E1D6FBD24C3B8060095C6EB /* OptionsViewController.swift */,
				4ED489EF24AF869300C81ACE /* LogFileManager.swift */,
				4EF1183124B0C50E002D8D0E /* LogFileViewController.swift */,
				4ED489DD24AF710600C81ACE /* SurveillanceManager.swift */,
				4ED489DF24AF717000C81ACE /* DeviceTrackingManager.swift */,
				4ED489DB24AF70D800C81ACE /* Device.swift */,
				4E45B15D24B2C044006343F3 /* GMKF.swift */,
				4EF9E9B924BD3F960042613A /* IGMKF.swift */,
				4E4F639424AC087C002A5C1A /* Main.storyboard */,
				4E4F639724AC087D002A5C1A /* Assets.xcassets */,
				4E4F639924AC087D002A5C1A /* LaunchScreen.storyboard */,
				4E4F639C24AC087D002A5C1A /* Info.plist */,
			);
			path = RSSISniffer;
			sourceTree = "<group>";
		};
		4EB00FCE24C3B0D100B8F8E4 /* Images */ = {
			isa = PBXGroup;
			children = (
			);
			path = Images;
			sourceTree = "<group>";
		};
		4ED489E624AF74D500C81ACE /* RSSISnifferTests */ = {
			isa = PBXGroup;
			children = (
				4ED489F124AF90B300C81ACE /* LogFileManagerTests.swift */,
				4E45B15F24B2C05A006343F3 /* GMKFTests.swift */,
				4EF9E9BB24BD3FDF0042613A /* IGMKFTests.swift */,
				4E3E7D3424BF3287009B65F3 /* KalmanFilterPerformanceTests.swift */,
				4ED489E724AF74D500C81ACE /* DeviceTests.swift */,
				4E45B15924B2BF83006343F3 /* DeviceTrackingManagerTests.swift */,
				4E45B15B24B2BFEE006343F3 /* SurveillanceManagerTests.swift */,
				4ED489E924AF74D500C81ACE /* Info.plist */,
			);
			path = RSSISnifferTests;
			sourceTree = "<group>";
		};
/* End PBXGroup section */

/* Begin PBXNativeTarget section */
		4E4F638A24AC087C002A5C1A /* RSSISniffer */ = {
			isa = PBXNativeTarget;
			buildConfigurationList = 4E4F639F24AC087D002A5C1A /* Build configuration list for PBXNativeTarget "RSSISniffer" */;
			buildPhases = (
				4E4F638724AC087C002A5C1A /* Sources */,
				4E4F638824AC087C002A5C1A /* Frameworks */,
				4E4F638924AC087C002A5C1A /* Resources */,
			);
			buildRules = (
			);
			dependencies = (
			);
			name = RSSISniffer;
			productName = RSSISniffer;
			productReference = 4E4F638B24AC087C002A5C1A /* RSSISniffer.app */;
			productType = "com.apple.product-type.application";
		};
		4ED489E424AF74D500C81ACE /* RSSISnifferTests */ = {
			isa = PBXNativeTarget;
			buildConfigurationList = 4ED489EC24AF74D500C81ACE /* Build configuration list for PBXNativeTarget "RSSISnifferTests" */;
			buildPhases = (
				4ED489E124AF74D500C81ACE /* Sources */,
				4ED489E224AF74D500C81ACE /* Frameworks */,
				4ED489E324AF74D500C81ACE /* Resources */,
			);
			buildRules = (
			);
			dependencies = (
				4ED489EB24AF74D500C81ACE /* PBXTargetDependency */,
			);
			name = RSSISnifferTests;
			productName = RSSISnifferTests;
			productReference = 4ED489E524AF74D500C81ACE /* RSSISnifferTests.xctest */;
			productType = "com.apple.product-type.bundle.unit-test";
		};
/* End PBXNativeTarget section */

/* Begin PBXProject section */
		4E4F638324AC087C002A5C1A /* Project object */ = {
			isa = PBXProject;
			attributes = {
				LastSwiftUpdateCheck = 1150;
				LastUpgradeCheck = 1150;
				ORGANIZATIONNAME = "Pinpoint Dynamics";
				TargetAttributes = {
					4E4F638A24AC087C002A5C1A = {
						CreatedOnToolsVersion = 11.5;
					};
					4ED489E424AF74D500C81ACE = {
						CreatedOnToolsVersion = 11.5;
						TestTargetID = 4E4F638A24AC087C002A5C1A;
					};
				};
			};
			buildConfigurationList = 4E4F638624AC087C002A5C1A /* Build configuration list for PBXProject "RSSISniffer" */;
			compatibilityVersion = "Xcode 9.3";
			developmentRegion = en;
			hasScannedForEncodings = 0;
			knownRegions = (
				en,
				Base,
			);
			mainGroup = 4E4F638224AC087C002A5C1A;
			productRefGroup = 4E4F638C24AC087C002A5C1A /* Products */;
			projectDirPath = "";
			projectRoot = "";
			targets = (
				4E4F638A24AC087C002A5C1A /* RSSISniffer */,
				4ED489E424AF74D500C81ACE /* RSSISnifferTests */,
			);
		};
/* End PBXProject section */

/* Begin PBXResourcesBuildPhase section */
		4E4F638924AC087C002A5C1A /* Resources */ = {
			isa = PBXResourcesBuildPhase;
			buildActionMask = 2147483647;
			files = (
				4E4F639B24AC087D002A5C1A /* LaunchScreen.storyboard in Resources */,
				4E4F639824AC087D002A5C1A /* Assets.xcassets in Resources */,
				4E4F639624AC087C002A5C1A /* Main.storyboard in Resources */,
			);
			runOnlyForDeploymentPostprocessing = 0;
		};
		4ED489E324AF74D500C81ACE /* Resources */ = {
			isa = PBXResourcesBuildPhase;
			buildActionMask = 2147483647;
			files = (
			);
			runOnlyForDeploymentPostprocessing = 0;
		};
/* End PBXResourcesBuildPhase section */

/* Begin PBXSourcesBuildPhase section */
		4E4F638724AC087C002A5C1A /* Sources */ = {
			isa = PBXSourcesBuildPhase;
			buildActionMask = 2147483647;
			files = (
				4E4F639324AC087C002A5C1A /* SurveillanceViewController.swift in Sources */,
				4E4F638F24AC087C002A5C1A /* AppDelegate.swift in Sources */,
				4ED489E024AF717000C81ACE /* DeviceTrackingManager.swift in Sources */,
				4EF9E9BA24BD3F960042613A /* IGMKF.swift in Sources */,
				4E45B15E24B2C044006343F3 /* GMKF.swift in Sources */,
				4ED489DC24AF70D800C81ACE /* Device.swift in Sources */,
				4ED489F024AF869300C81ACE /* LogFileManager.swift in Sources */,
				4E4F639124AC087C002A5C1A /* SceneDelegate.swift in Sources */,
				4ED489DE24AF710600C81ACE /* SurveillanceManager.swift in Sources */,
				4E1D6FBE24C3B8060095C6EB /* OptionsViewController.swift in Sources */,
				4EF1183224B0C50E002D8D0E /* LogFileViewController.swift in Sources */,
				4EF1183424B0EA90002D8D0E /* Constants.swift in Sources */,
			);
			runOnlyForDeploymentPostprocessing = 0;
		};
		4ED489E124AF74D500C81ACE /* Sources */ = {
			isa = PBXSourcesBuildPhase;
			buildActionMask = 2147483647;
			files = (
				4E3E7D3524BF3287009B65F3 /* KalmanFilterPerformanceTests.swift in Sources */,
				4E45B16024B2C05A006343F3 /* GMKFTests.swift in Sources */,
				4E45B15C24B2BFEE006343F3 /* SurveillanceManagerTests.swift in Sources */,
				4ED489E824AF74D500C81ACE /* DeviceTests.swift in Sources */,
				4E45B15A24B2BF83006343F3 /* DeviceTrackingManagerTests.swift in Sources */,
				4EF9E9BC24BD3FDF0042613A /* IGMKFTests.swift in Sources */,
				4ED489F224AF90B300C81ACE /* LogFileManagerTests.swift in Sources */,
			);
			runOnlyForDeploymentPostprocessing = 0;
		};
/* End PBXSourcesBuildPhase section */

/* Begin PBXTargetDependency section */
		4ED489EB24AF74D500C81ACE /* PBXTargetDependency */ = {
			isa = PBXTargetDependency;
			target = 4E4F638A24AC087C002A5C1A /* RSSISniffer */;
			targetProxy = 4ED489EA24AF74D500C81ACE /* PBXContainerItemProxy */;
		};
/* End PBXTargetDependency section */

/* Begin PBXVariantGroup section */
		4E4F639424AC087C002A5C1A /* Main.storyboard */ = {
			isa = PBXVariantGroup;
			children = (
				4E4F639524AC087C002A5C1A /* Base */,
			);
			name = Main.storyboard;
			sourceTree = "<group>";
		};
		4E4F639924AC087D002A5C1A /* LaunchScreen.storyboard */ = {
			isa = PBXVariantGroup;
			children = (
				4E4F639A24AC087D002A5C1A /* Base */,
			);
			name = LaunchScreen.storyboard;
			sourceTree = "<group>";
		};
/* End PBXVariantGroup section */

/* Begin XCBuildConfiguration section */
		4E4F639D24AC087D002A5C1A /* Debug */ = {
			isa = XCBuildConfiguration;
			buildSettings = {
				ALWAYS_SEARCH_USER_PATHS = NO;
				CLANG_ANALYZER_NONNULL = YES;
				CLANG_ANALYZER_NUMBER_OBJECT_CONVERSION = YES_AGGRESSIVE;
				CLANG_CXX_LANGUAGE_STANDARD = "gnu++14";
				CLANG_CXX_LIBRARY = "libc++";
				CLANG_ENABLE_MODULES = YES;
				CLANG_ENABLE_OBJC_ARC = YES;
				CLANG_ENABLE_OBJC_WEAK = YES;
				CLANG_WARN_BLOCK_CAPTURE_AUTORELEASING = YES;
				CLANG_WARN_BOOL_CONVERSION = YES;
				CLANG_WARN_COMMA = YES;
				CLANG_WARN_CONSTANT_CONVERSION = YES;
				CLANG_WARN_DEPRECATED_OBJC_IMPLEMENTATIONS = YES;
				CLANG_WARN_DIRECT_OBJC_ISA_USAGE = YES_ERROR;
				CLANG_WARN_DOCUMENTATION_COMMENTS = YES;
				CLANG_WARN_EMPTY_BODY = YES;
				CLANG_WARN_ENUM_CONVERSION = YES;
				CLANG_WARN_INFINITE_RECURSION = YES;
				CLANG_WARN_INT_CONVERSION = YES;
				CLANG_WARN_NON_LITERAL_NULL_CONVERSION = YES;
				CLANG_WARN_OBJC_IMPLICIT_RETAIN_SELF = YES;
				CLANG_WARN_OBJC_LITERAL_CONVERSION = YES;
				CLANG_WARN_OBJC_ROOT_CLASS = YES_ERROR;
				CLANG_WARN_RANGE_LOOP_ANALYSIS = YES;
				CLANG_WARN_STRICT_PROTOTYPES = YES;
				CLANG_WARN_SUSPICIOUS_MOVE = YES;
				CLANG_WARN_UNGUARDED_AVAILABILITY = YES_AGGRESSIVE;
				CLANG_WARN_UNREACHABLE_CODE = YES;
				CLANG_WARN__DUPLICATE_METHOD_MATCH = YES;
				COPY_PHASE_STRIP = NO;
				DEBUG_INFORMATION_FORMAT = dwarf;
				ENABLE_STRICT_OBJC_MSGSEND = YES;
				ENABLE_TESTABILITY = YES;
				GCC_C_LANGUAGE_STANDARD = gnu11;
				GCC_DYNAMIC_NO_PIC = NO;
				GCC_NO_COMMON_BLOCKS = YES;
				GCC_OPTIMIZATION_LEVEL = 0;
				GCC_PREPROCESSOR_DEFINITIONS = (
					"DEBUG=1",
					"$(inherited)",
				);
				GCC_WARN_64_TO_32_BIT_CONVERSION = YES;
				GCC_WARN_ABOUT_RETURN_TYPE = YES_ERROR;
				GCC_WARN_UNDECLARED_SELECTOR = YES;
				GCC_WARN_UNINITIALIZED_AUTOS = YES_AGGRESSIVE;
				GCC_WARN_UNUSED_FUNCTION = YES;
				GCC_WARN_UNUSED_VARIABLE = YES;
				IPHONEOS_DEPLOYMENT_TARGET = 13.5;
				MTL_ENABLE_DEBUG_INFO = INCLUDE_SOURCE;
				MTL_FAST_MATH = YES;
				ONLY_ACTIVE_ARCH = YES;
				SDKROOT = iphoneos;
				SWIFT_ACTIVE_COMPILATION_CONDITIONS = DEBUG;
				SWIFT_OPTIMIZATION_LEVEL = "-Onone";
			};
			name = Debug;
		};
		4E4F639E24AC087D002A5C1A /* Release */ = {
			isa = XCBuildConfiguration;
			buildSettings = {
				ALWAYS_SEARCH_USER_PATHS = NO;
				CLANG_ANALYZER_NONNULL = YES;
				CLANG_ANALYZER_NUMBER_OBJECT_CONVERSION = YES_AGGRESSIVE;
				CLANG_CXX_LANGUAGE_STANDARD = "gnu++14";
				CLANG_CXX_LIBRARY = "libc++";
				CLANG_ENABLE_MODULES = YES;
				CLANG_ENABLE_OBJC_ARC = YES;
				CLANG_ENABLE_OBJC_WEAK = YES;
				CLANG_WARN_BLOCK_CAPTURE_AUTORELEASING = YES;
				CLANG_WARN_BOOL_CONVERSION = YES;
				CLANG_WARN_COMMA = YES;
				CLANG_WARN_CONSTANT_CONVERSION = YES;
				CLANG_WARN_DEPRECATED_OBJC_IMPLEMENTATIONS = YES;
				CLANG_WARN_DIRECT_OBJC_ISA_USAGE = YES_ERROR;
				CLANG_WARN_DOCUMENTATION_COMMENTS = YES;
				CLANG_WARN_EMPTY_BODY = YES;
				CLANG_WARN_ENUM_CONVERSION = YES;
				CLANG_WARN_INFINITE_RECURSION = YES;
				CLANG_WARN_INT_CONVERSION = YES;
				CLANG_WARN_NON_LITERAL_NULL_CONVERSION = YES;
				CLANG_WARN_OBJC_IMPLICIT_RETAIN_SELF = YES;
				CLANG_WARN_OBJC_LITERAL_CONVERSION = YES;
				CLANG_WARN_OBJC_ROOT_CLASS = YES_ERROR;
				CLANG_WARN_RANGE_LOOP_ANALYSIS = YES;
				CLANG_WARN_STRICT_PROTOTYPES = YES;
				CLANG_WARN_SUSPICIOUS_MOVE = YES;
				CLANG_WARN_UNGUARDED_AVAILABILITY = YES_AGGRESSIVE;
				CLANG_WARN_UNREACHABLE_CODE = YES;
				CLANG_WARN__DUPLICATE_METHOD_MATCH = YES;
				COPY_PHASE_STRIP = NO;
				DEBUG_INFORMATION_FORMAT = "dwarf-with-dsym";
				ENABLE_NS_ASSERTIONS = NO;
				ENABLE_STRICT_OBJC_MSGSEND = YES;
				GCC_C_LANGUAGE_STANDARD = gnu11;
				GCC_NO_COMMON_BLOCKS = YES;
				GCC_WARN_64_TO_32_BIT_CONVERSION = YES;
				GCC_WARN_ABOUT_RETURN_TYPE = YES_ERROR;
				GCC_WARN_UNDECLARED_SELECTOR = YES;
				GCC_WARN_UNINITIALIZED_AUTOS = YES_AGGRESSIVE;
				GCC_WARN_UNUSED_FUNCTION = YES;
				GCC_WARN_UNUSED_VARIABLE = YES;
				IPHONEOS_DEPLOYMENT_TARGET = 13.5;
				MTL_ENABLE_DEBUG_INFO = NO;
				MTL_FAST_MATH = YES;
				SDKROOT = iphoneos;
				SWIFT_COMPILATION_MODE = wholemodule;
				SWIFT_OPTIMIZATION_LEVEL = "-O";
				VALIDATE_PRODUCT = YES;
			};
			name = Release;
		};
		4E4F63A024AC087D002A5C1A /* Debug */ = {
			isa = XCBuildConfiguration;
			buildSettings = {
				ASSETCATALOG_COMPILER_APPICON_NAME = AppIcon;
				CODE_SIGN_STYLE = Automatic;
				DEVELOPMENT_TEAM = 7WAY8D5BF4;
				INFOPLIST_FILE = RSSISniffer/Info.plist;
				LD_RUNPATH_SEARCH_PATHS = (
					"$(inherited)",
					"@executable_path/Frameworks",
				);
				PRODUCT_BUNDLE_IDENTIFIER = com.pinpointdynamics.RSSISniffer;
				PRODUCT_NAME = "$(TARGET_NAME)";
				SWIFT_VERSION = 5.0;
				TARGETED_DEVICE_FAMILY = "1,2";
			};
			name = Debug;
		};
		4E4F63A124AC087D002A5C1A /* Release */ = {
			isa = XCBuildConfiguration;
			buildSettings = {
				ASSETCATALOG_COMPILER_APPICON_NAME = AppIcon;
				CODE_SIGN_STYLE = Automatic;
				DEVELOPMENT_TEAM = 7WAY8D5BF4;
				INFOPLIST_FILE = RSSISniffer/Info.plist;
				LD_RUNPATH_SEARCH_PATHS = (
					"$(inherited)",
					"@executable_path/Frameworks",
				);
				PRODUCT_BUNDLE_IDENTIFIER = com.pinpointdynamics.RSSISniffer;
				PRODUCT_NAME = "$(TARGET_NAME)";
				SWIFT_VERSION = 5.0;
				TARGETED_DEVICE_FAMILY = "1,2";
			};
			name = Release;
		};
		4ED489ED24AF74D500C81ACE /* Debug */ = {
			isa = XCBuildConfiguration;
			buildSettings = {
				BUNDLE_LOADER = "$(TEST_HOST)";
				CODE_SIGN_STYLE = Automatic;
				DEVELOPMENT_TEAM = 7WAY8D5BF4;
				INFOPLIST_FILE = RSSISnifferTests/Info.plist;
				LD_RUNPATH_SEARCH_PATHS = (
					"$(inherited)",
					"@executable_path/Frameworks",
					"@loader_path/Frameworks",
				);
				PRODUCT_BUNDLE_IDENTIFIER = com.pinpointdynamics.RSSISnifferTests;
				PRODUCT_NAME = "$(TARGET_NAME)";
				SWIFT_VERSION = 5.0;
				TARGETED_DEVICE_FAMILY = "1,2";
				TEST_HOST = "$(BUILT_PRODUCTS_DIR)/RSSISniffer.app/RSSISniffer";
			};
			name = Debug;
		};
		4ED489EE24AF74D500C81ACE /* Release */ = {
			isa = XCBuildConfiguration;
			buildSettings = {
				BUNDLE_LOADER = "$(TEST_HOST)";
				CODE_SIGN_STYLE = Automatic;
				DEVELOPMENT_TEAM = 7WAY8D5BF4;
				INFOPLIST_FILE = RSSISnifferTests/Info.plist;
				LD_RUNPATH_SEARCH_PATHS = (
					"$(inherited)",
					"@executable_path/Frameworks",
					"@loader_path/Frameworks",
				);
				PRODUCT_BUNDLE_IDENTIFIER = com.pinpointdynamics.RSSISnifferTests;
				PRODUCT_NAME = "$(TARGET_NAME)";
				SWIFT_VERSION = 5.0;
				TARGETED_DEVICE_FAMILY = "1,2";
				TEST_HOST = "$(BUILT_PRODUCTS_DIR)/RSSISniffer.app/RSSISniffer";
			};
			name = Release;
		};
/* End XCBuildConfiguration section */

/* Begin XCConfigurationList section */
		4E4F638624AC087C002A5C1A /* Build configuration list for PBXProject "RSSISniffer" */ = {
			isa = XCConfigurationList;
			buildConfigurations = (
				4E4F639D24AC087D002A5C1A /* Debug */,
				4E4F639E24AC087D002A5C1A /* Release */,
			);
			defaultConfigurationIsVisible = 0;
			defaultConfigurationName = Release;
		};
		4E4F639F24AC087D002A5C1A /* Build configuration list for PBXNativeTarget "RSSISniffer" */ = {
			isa = XCConfigurationList;
			buildConfigurations = (
				4E4F63A024AC087D002A5C1A /* Debug */,
				4E4F63A124AC087D002A5C1A /* Release */,
			);
			defaultConfigurationIsVisible = 0;
			defaultConfigurationName = Release;
		};
		4ED489EC24AF74D500C81ACE /* Build configuration list for PBXNativeTarget "RSSISnifferTests" */ = {
			isa = XCConfigurationList;
			buildConfigurations = (
				4ED489ED24AF74D500C81ACE /* Debug */,
				4ED489EE24AF74D500C81ACE /* Release */,
			);
			defaultConfigurationIsVisible = 0;
			defaultConfigurationName = Release;
		};
/* End XCConfigurationList section */
	};
	rootObject = 4E4F638324AC087C002A5C1A /* Project object */;
}
